Microsoft Visual Studio Solution File, Format Version 12.00
# Visual Studio Version 16
VisualStudioVersion = 16.0.30804.86
MinimumVisualStudioVersion = 10.0.40219.1
Project("{FAE04EC0-301F-11D3-BF4B-00C04F79EFBC}") = "SteamSwitcher", "SteamSwitcher.csproj", "{8B742410-5F79-4CB8-84AC-6EDC0B9F58B0}"
EndProject
Project("{2150E333-8FDC-42A3-9474-1A3956D46DE8}") = "Solution Items", "Solution Items", "{8B53A239-6990-4DD3-AABE-6658046D9332}"
	ProjectSection(SolutionItems) = preProject
		.editorconfig = .editorconfig
	EndProjectSection
EndProject
Global
	GlobalSection(SolutionConfigurationPlatforms) = preSolution
		Debug|Any CPU = Debug|Any CPU
		Release|Any CPU = Release|Any CPU
	EndGlobalSection
	GlobalSection(ProjectConfigurationPlatforms) = postSolution
		{8B742410-5F79-4CB8-84AC-6EDC0B9F58B0}.Debug|Any CPU.ActiveCfg = Debug|Any CPU
		{8B742410-5F79-4CB8-84AC-6EDC0B9F58B0}.Debug|Any CPU.Build.0 = Debug|Any CPU
		{8B742410-5F79-4CB8-84AC-6EDC0B9F58B0}.Release|Any CPU.ActiveCfg = Release|Any CPU
		{8B742410-5F79-4CB8-84AC-6EDC0B9F58B0}.Release|Any CPU.Build.0 = Release|Any CPU
	EndGlobalSection
	GlobalSection(SolutionProperties) = preSolution
		HideSolutionNode = FALSE
	EndGlobalSection
	GlobalSection(ExtensibilityGlobals) = postSolution
		SolutionGuid = {ACFBEAA2-4885-454F-B273-DC12E583E670}
	EndGlobalSection
EndGlobal